// !$*UTF8*$!
{
	archiveVersion = 1;
	classes = {
	};
	objectVersion = 46;
	objects = {

/* Begin PBXBuildFile section */
		0486A3A31D3977160016754C /* AppDelegate.swift in Sources */ = {isa = PBXBuildFile; fileRef = 0486A3A21D3977160016754C /* AppDelegate.swift */; };
		0486A3A51D3977160016754C /* ViewController.swift in Sources */ = {isa = PBXBuildFile; fileRef = 0486A3A41D3977160016754C /* ViewController.swift */; };
		0486A3A81D3977160016754C /* Main.storyboard in Resources */ = {isa = PBXBuildFile; fileRef = 0486A3A61D3977160016754C /* Main.storyboard */; };
		0486A3AA1D3977160016754C /* Assets.xcassets in Resources */ = {isa = PBXBuildFile; fileRef = 0486A3A91D3977160016754C /* Assets.xcassets */; };
		0486A3AD1D3977160016754C /* LaunchScreen.storyboard in Resources */ = {isa = PBXBuildFile; fileRef = 0486A3AB1D3977160016754C /* LaunchScreen.storyboard */; };
		0486A3B81D3977160016754C /* country_quizTests.swift in Sources */ = {isa = PBXBuildFile; fileRef = 0486A3B71D3977160016754C /* country_quizTests.swift */; };
		0486A3C31D3977160016754C /* country_quizUITests.swift in Sources */ = {isa = PBXBuildFile; fileRef = 0486A3C21D3977160016754C /* country_quizUITests.swift */; };
/* End PBXBuildFile section */

/* Begin PBXContainerItemProxy section */
		0486A3B41D3977160016754C /* PBXContainerItemProxy */ = {
			isa = PBXContainerItemProxy;
			containerPortal = 0486A3971D3977160016754C /* Project object */;
			proxyType = 1;
			remoteGlobalIDString = 0486A39E1D3977160016754C;
			remoteInfo = "country-quiz";
		};
		0486A3BF1D3977160016754C /* PBXContainerItemProxy */ = {
			isa = PBXContainerItemProxy;
			containerPortal = 0486A3971D3977160016754C /* Project object */;
			proxyType = 1;
			remoteGlobalIDString = 0486A39E1D3977160016754C;
			remoteInfo = "country-quiz";
		};
/* End PBXContainerItemProxy section */

/* Begin PBXFileReference section */
		0486A39F1D3977160016754C /* country-quiz.app */ = {isa = PBXFileReference; explicitFileType = wrapper.application; includeInIndex = 0; path = "country-quiz.app"; sourceTree = BUILT_PRODUCTS_DIR; };
		0486A3A21D3977160016754C /* AppDelegate.swift */ = {isa = PBXFileReference; lastKnownFileType = sourcecode.swift; path = AppDelegate.swift; sourceTree = "<group>"; };
		0486A3A41D3977160016754C /* ViewController.swift */ = {isa = PBXFileReference; lastKnownFileType = sourcecode.swift; path = ViewController.swift; sourceTree = "<group>"; };
		0486A3A71D3977160016754C /* Base */ = {isa = PBXFileReference; lastKnownFileType = file.storyboard; name = Base; path = Base.lproj/Main.storyboard; sourceTree = "<group>"; };
		0486A3A91D3977160016754C /* Assets.xcassets */ = {isa = PBXFileReference; lastKnownFileType = folder.assetcatalog; path = Assets.xcassets; sourceTree = "<group>"; };
		0486A3AC1D3977160016754C /* Base */ = {isa = PBXFileReference; lastKnownFileType = file.storyboard; name = Base; path = Base.lproj/LaunchScreen.storyboard; sourceTree = "<group>"; };
		0486A3AE1D3977160016754C /* Info.plist */ = {isa = PBXFileReference; lastKnownFileType = text.plist.xml; path = Info.plist; sourceTree = "<group>"; };
		0486A3B31D3977160016754C /* country-quizTests.xctest */ = {isa = PBXFileReference; explicitFileType = wrapper.cfbundle; includeInIndex = 0; path = "country-quizTests.xctest"; sourceTree = BUILT_PRODUCTS_DIR; };
		0486A3B71D3977160016754C /* country_quizTests.swift */ = {isa = PBXFileReference; lastKnownFileType = sourcecode.swift; path = country_quizTests.swift; sourceTree = "<group>"; };
		0486A3B91D3977160016754C /* Info.plist */ = {isa = PBXFileReference; lastKnownFileType = text.plist.xml; path = Info.plist; sourceTree = "<group>"; };
		0486A3BE1D3977160016754C /* country-quizUITests.xctest */ = {isa = PBXFileReference; explicitFileType = wrapper.cfbundle; includeInIndex = 0; path = "country-quizUITests.xctest"; sourceTree = BUILT_PRODUCTS_DIR; };
		0486A3C21D3977160016754C /* country_quizUITests.swift */ = {isa = PBXFileReference; lastKnownFileType = sourcecode.swift; path = country_quizUITests.swift; sourceTree = "<group>"; };
		0486A3C41D3977160016754C /* Info.plist */ = {isa = PBXFileReference; lastKnownFileType = text.plist.xml; path = Info.plist; sourceTree = "<group>"; };
/* End PBXFileReference section */

/* Begin PBXFrameworksBuildPhase section */
		0486A39C1D3977160016754C /* Frameworks */ = {
			isa = PBXFrameworksBuildPhase;
			buildActionMask = 2147483647;
			files = (
			);
			runOnlyForDeploymentPostprocessing = 0;
		};
		0486A3B01D3977160016754C /* Frameworks */ = {
			isa = PBXFrameworksBuildPhase;
			buildActionMask = 2147483647;
			files = (
			);
			runOnlyForDeploymentPostprocessing = 0;
		};
		0486A3BB1D3977160016754C /* Frameworks */ = {
			isa = PBXFrameworksBuildPhase;
			buildActionMask = 2147483647;
			files = (
			);
			runOnlyForDeploymentPostprocessing = 0;
		};
/* End PBXFrameworksBuildPhase section */

/* Begin PBXGroup section */
		0486A3961D3977160016754C = {
			isa = PBXGroup;
			children = (
				0486A3A11D3977160016754C /* country-quiz */,
				0486A3B61D3977160016754C /* country-quizTests */,
				0486A3C11D3977160016754C /* country-quizUITests */,
				0486A3A01D3977160016754C /* Products */,
			);
			sourceTree = "<group>";
		};
		0486A3A01D3977160016754C /* Products */ = {
			isa = PBXGroup;
			children = (
				0486A39F1D3977160016754C /* country-quiz.app */,
				0486A3B31D3977160016754C /* country-quizTests.xctest */,
				0486A3BE1D3977160016754C /* country-quizUITests.xctest */,
			);
			name = Products;
			sourceTree = "<group>";
		};
		0486A3A11D3977160016754C /* country-quiz */ = {
			isa = PBXGroup;
			children = (
				0486A3A21D3977160016754C /* AppDelegate.swift */,
				0486A3A41D3977160016754C /* ViewController.swift */,
				0486A3A61D3977160016754C /* Main.storyboard */,
				0486A3A91D3977160016754C /* Assets.xcassets */,
				0486A3AB1D3977160016754C /* LaunchScreen.storyboard */,
				0486A3AE1D3977160016754C /* Info.plist */,
			);
			path = "country-quiz";
			sourceTree = "<group>";
		};
		0486A3B61D3977160016754C /* country-quizTests */ = {
			isa = PBXGroup;
			children = (
				0486A3B71D3977160016754C /* country_quizTests.swift */,
				0486A3B91D3977160016754C /* Info.plist */,
			);
			path = "country-quizTests";
			sourceTree = "<group>";
		};
		0486A3C11D3977160016754C /* country-quizUITests */ = {
			isa = PBXGroup;
			children = (
				0486A3C21D3977160016754C /* country_quizUITests.swift */,
				0486A3C41D3977160016754C /* Info.plist */,
			);
			path = "country-quizUITests";
			sourceTree = "<group>";
		};
/* End PBXGroup section */

/* Begin PBXNativeTarget section */
		0486A39E1D3977160016754C /* country-quiz */ = {
			isa = PBXNativeTarget;
			buildConfigurationList = 0486A3C71D3977160016754C /* Build configuration list for PBXNativeTarget "country-quiz" */;
			buildPhases = (
				0486A39B1D3977160016754C /* Sources */,
				0486A39C1D3977160016754C /* Frameworks */,
				0486A39D1D3977160016754C /* Resources */,
			);
			buildRules = (
			);
			dependencies = (
			);
			name = "country-quiz";
			productName = "country-quiz";
			productReference = 0486A39F1D3977160016754C /* country-quiz.app */;
			productType = "com.apple.product-type.application";
		};
		0486A3B21D3977160016754C /* country-quizTests */ = {
			isa = PBXNativeTarget;
			buildConfigurationList = 0486A3CA1D3977160016754C /* Build configuration list for PBXNativeTarget "country-quizTests" */;
			buildPhases = (
				0486A3AF1D3977160016754C /* Sources */,
				0486A3B01D3977160016754C /* Frameworks */,
				0486A3B11D3977160016754C /* Resources */,
			);
			buildRules = (
			);
			dependencies = (
				0486A3B51D3977160016754C /* PBXTargetDependency */,
			);
			name = "country-quizTests";
			productName = "country-quizTests";
			productReference = 0486A3B31D3977160016754C /* country-quizTests.xctest */;
			productType = "com.apple.product-type.bundle.unit-test";
		};
		0486A3BD1D3977160016754C /* country-quizUITests */ = {
			isa = PBXNativeTarget;
			buildConfigurationList = 0486A3CD1D3977160016754C /* Build configuration list for PBXNativeTarget "country-quizUITests" */;
			buildPhases = (
				0486A3BA1D3977160016754C /* Sources */,
				0486A3BB1D3977160016754C /* Frameworks */,
				0486A3BC1D3977160016754C /* Resources */,
			);
			buildRules = (
			);
			dependencies = (
				0486A3C01D3977160016754C /* PBXTargetDependency */,
			);
			name = "country-quizUITests";
			productName = "country-quizUITests";
			productReference = 0486A3BE1D3977160016754C /* country-quizUITests.xctest */;
			productType = "com.apple.product-type.bundle.ui-testing";
		};
/* End PBXNativeTarget section */

/* Begin PBXProject section */
		0486A3971D3977160016754C /* Project object */ = {
			isa = PBXProject;
			attributes = {
				LastSwiftUpdateCheck = 0730;
				LastUpgradeCheck = 0730;
				ORGANIZATIONNAME = PaddyCrab;
				TargetAttributes = {
					0486A39E1D3977160016754C = {
						CreatedOnToolsVersion = 7.3.1;
					};
					0486A3B21D3977160016754C = {
						CreatedOnToolsVersion = 7.3.1;
						TestTargetID = 0486A39E1D3977160016754C;
					};
					0486A3BD1D3977160016754C = {
						CreatedOnToolsVersion = 7.3.1;
						TestTargetID = 0486A39E1D3977160016754C;
					};
				};
			};
			buildConfigurationList = 0486A39A1D3977160016754C /* Build configuration list for PBXProject "country-quiz" */;
			compatibilityVersion = "Xcode 3.2";
			developmentRegion = English;
			hasScannedForEncodings = 0;
			knownRegions = (
				en,
				Base,
			);
			mainGroup = 0486A3961D3977160016754C;
			productRefGroup = 0486A3A01D3977160016754C /* Products */;
			projectDirPath = "";
			projectRoot = "";
			targets = (
				0486A39E1D3977160016754C /* country-quiz */,
				0486A3B21D3977160016754C /* country-quizTests */,
				0486A3BD1D3977160016754C /* country-quizUITests */,
			);
		};
/* End PBXProject section */

/* Begin PBXResourcesBuildPhase section */
		0486A39D1D3977160016754C /* Resources */ = {
			isa = PBXResourcesBuildPhase;
			buildActionMask = 2147483647;
			files = (
				0486A3AD1D3977160016754C /* LaunchScreen.storyboard in Resources */,
				0486A3AA1D3977160016754C /* Assets.xcassets in Resources */,
				0486A3A81D3977160016754C /* Main.storyboard in Resources */,
			);
			runOnlyForDeploymentPostprocessing = 0;
		};
		0486A3B11D3977160016754C /* Resources */ = {
			isa = PBXResourcesBuildPhase;
			buildActionMask = 2147483647;
			files = (
			);
			runOnlyForDeploymentPostprocessing = 0;
		};
		0486A3BC1D3977160016754C /* Resources */ = {
			isa = PBXResourcesBuildPhase;
			buildActionMask = 2147483647;
			files = (
			);
			runOnlyForDeploymentPostprocessing = 0;
		};
/* End PBXResourcesBuildPhase section */

/* Begin PBXSourcesBuildPhase section */
		0486A39B1D3977160016754C /* Sources */ = {
			isa = PBXSourcesBuildPhase;
			buildActionMask = 2147483647;
			files = (
				0486A3A51D3977160016754C /* ViewController.swift in Sources */,
				0486A3A31D3977160016754C /* AppDelegate.swift in Sources */,
			);
			runOnlyForDeploymentPostprocessing = 0;
		};
		0486A3AF1D3977160016754C /* Sources */ = {
			isa = PBXSourcesBuildPhase;
			buildActionMask = 2147483647;
			files = (
				0486A3B81D3977160016754C /* country_quizTests.swift in Sources */,
			);
			runOnlyForDeploymentPostprocessing = 0;
		};
		0486A3BA1D3977160016754C /* Sources */ = {
			isa = PBXSourcesBuildPhase;
			buildActionMask = 2147483647;
			files = (
				0486A3C31D3977160016754C /* country_quizUITests.swift in Sources */,
			);
			runOnlyForDeploymentPostprocessing = 0;
		};
/* End PBXSourcesBuildPhase section */

/* Begin PBXTargetDependency section */
		0486A3B51D3977160016754C /* PBXTargetDependency */ = {
			isa = PBXTargetDependency;
			target = 0486A39E1D3977160016754C /* country-quiz */;
			targetProxy = 0486A3B41D3977160016754C /* PBXContainerItemProxy */;
		};
		0486A3C01D3977160016754C /* PBXTargetDependency */ = {
			isa = PBXTargetDependency;
			target = 0486A39E1D3977160016754C /* country-quiz */;
			targetProxy = 0486A3BF1D3977160016754C /* PBXContainerItemProxy */;
		};
/* End PBXTargetDependency section */

/* Begin PBXVariantGroup section */
		0486A3A61D3977160016754C /* Main.storyboard */ = {
			isa = PBXVariantGroup;
			children = (
				0486A3A71D3977160016754C /* Base */,
			);
			name = Main.storyboard;
			sourceTree = "<group>";
		};
		0486A3AB1D3977160016754C /* LaunchScreen.storyboard */ = {
			isa = PBXVariantGroup;
			children = (
				0486A3AC1D3977160016754C /* Base */,
			);
			name = LaunchScreen.storyboard;
			sourceTree = "<group>";
		};
/* End PBXVariantGroup section */

/* Begin XCBuildConfiguration section */
		0486A3C51D3977160016754C /* Debug */ = {
			isa = XCBuildConfiguration;
			buildSettings = {
				ALWAYS_SEARCH_USER_PATHS = NO;
				CLANG_ANALYZER_NONNULL = YES;
				CLANG_CXX_LANGUAGE_STANDARD = "gnu++0x";
				CLANG_CXX_LIBRARY = "libc++";
				CLANG_ENABLE_MODULES = YES;
				CLANG_ENABLE_OBJC_ARC = YES;
				CLANG_WARN_BOOL_CONVERSION = YES;
				CLANG_WARN_CONSTANT_CONVERSION = YES;
				CLANG_WARN_DIRECT_OBJC_ISA_USAGE = YES_ERROR;
				CLANG_WARN_EMPTY_BODY = YES;
				CLANG_WARN_ENUM_CONVERSION = YES;
				CLANG_WARN_INT_CONVERSION = YES;
				CLANG_WARN_OBJC_ROOT_CLASS = YES_ERROR;
				CLANG_WARN_UNREACHABLE_CODE = YES;
				CLANG_WARN__DUPLICATE_METHOD_MATCH = YES;
				"CODE_SIGN_IDENTITY[sdk=iphoneos*]" = "iPhone Developer";
				COPY_PHASE_STRIP = NO;
				DEBUG_INFORMATION_FORMAT = dwarf;
				ENABLE_STRICT_OBJC_MSGSEND = YES;
				ENABLE_TESTABILITY = YES;
				GCC_C_LANGUAGE_STANDARD = gnu99;
				GCC_DYNAMIC_NO_PIC = NO;
				GCC_NO_COMMON_BLOCKS = YES;
				GCC_OPTIMIZATION_LEVEL = 0;
				GCC_PREPROCESSOR_DEFINITIONS = (
					"DEBUG=1",
					"$(inherited)",
				);
				GCC_WARN_64_TO_32_BIT_CONVERSION = YES;
				GCC_WARN_ABOUT_RETURN_TYPE = YES_ERROR;
				GCC_WARN_UNDECLARED_SELECTOR = YES;
				GCC_WARN_UNINITIALIZED_AUTOS = YES_AGGRESSIVE;
				GCC_WARN_UNUSED_FUNCTION = YES;
				GCC_WARN_UNUSED_VARIABLE = YES;
				IPHONEOS_DEPLOYMENT_TARGET = 9.3;
				MTL_ENABLE_DEBUG_INFO = YES;
				ONLY_ACTIVE_ARCH = YES;
				SDKROOT = iphoneos;
				SWIFT_OPTIMIZATION_LEVEL = "-Onone";
				TARGETED_DEVICE_FAMILY = "1,2";
			};
			name = Debug;
		};
		0486A3C61D3977160016754C /* Release */ = {
			isa = XCBuildConfiguration;
			buildSettings = {
				ALWAYS_SEARCH_USER_PATHS = NO;
				CLANG_ANALYZER_NONNULL = YES;
				CLANG_CXX_LANGUAGE_STANDARD = "gnu++0x";
				CLANG_CXX_LIBRARY = "libc++";
				CLANG_ENABLE_MODULES = YES;
				CLANG_ENABLE_OBJC_ARC = YES;
				CLANG_WARN_BOOL_CONVERSION = YES;
				CLANG_WARN_CONSTANT_CONVERSION = YES;
				CLANG_WARN_DIRECT_OBJC_ISA_USAGE = YES_ERROR;
				CLANG_WARN_EMPTY_BODY = YES;
				CLANG_WARN_ENUM_CONVERSION = YES;
				CLANG_WARN_INT_CONVERSION = YES;
				CLANG_WARN_OBJC_ROOT_CLASS = YES_ERROR;
				CLANG_WARN_UNREACHABLE_CODE = YES;
				CLANG_WARN__DUPLICATE_METHOD_MATCH = YES;
				"CODE_SIGN_IDENTITY[sdk=iphoneos*]" = "iPhone Developer";
				COPY_PHASE_STRIP = NO;
				DEBUG_INFORMATION_FORMAT = "dwarf-with-dsym";
				ENABLE_NS_ASSERTIONS = NO;
				ENABLE_STRICT_OBJC_MSGSEND = YES;
				GCC_C_LANGUAGE_STANDARD = gnu99;
				GCC_NO_COMMON_BLOCKS = YES;
				GCC_WARN_64_TO_32_BIT_CONVERSION = YES;
				GCC_WARN_ABOUT_RETURN_TYPE = YES_ERROR;
				GCC_WARN_UNDECLARED_SELECTOR = YES;
				GCC_WARN_UNINITIALIZED_AUTOS = YES_AGGRESSIVE;
				GCC_WARN_UNUSED_FUNCTION = YES;
				GCC_WARN_UNUSED_VARIABLE = YES;
				IPHONEOS_DEPLOYMENT_TARGET = 9.3;
				MTL_ENABLE_DEBUG_INFO = NO;
				SDKROOT = iphoneos;
				TARGETED_DEVICE_FAMILY = "1,2";
				VALIDATE_PRODUCT = YES;
			};
			name = Release;
		};
		0486A3C81D3977160016754C /* Debug */ = {
			isa = XCBuildConfiguration;
			buildSettings = {
				ASSETCATALOG_COMPILER_APPICON_NAME = AppIcon;
				INFOPLIST_FILE = "country-quiz/Info.plist";
				LD_RUNPATH_SEARCH_PATHS = "$(inherited) @executable_path/Frameworks";
				PRODUCT_BUNDLE_IDENTIFIER = "com.paddycrab.country-quiz";
				PRODUCT_NAME = "$(TARGET_NAME)";
			};
			name = Debug;
		};
		0486A3C91D3977160016754C /* Release */ = {
			isa = XCBuildConfiguration;
			buildSettings = {
				ASSETCATALOG_COMPILER_APPICON_NAME = AppIcon;
				INFOPLIST_FILE = "country-quiz/Info.plist";
				LD_RUNPATH_SEARCH_PATHS = "$(inherited) @executable_path/Frameworks";
				PRODUCT_BUNDLE_IDENTIFIER = "com.paddycrab.country-quiz";
				PRODUCT_NAME = "$(TARGET_NAME)";
			};
			name = Release;
		};
		0486A3CB1D3977160016754C /* Debug */ = {
			isa = XCBuildConfiguration;
			buildSettings = {
				BUNDLE_LOADER = "$(TEST_HOST)";
				INFOPLIST_FILE = "country-quizTests/Info.plist";
				LD_RUNPATH_SEARCH_PATHS = "$(inherited) @executable_path/Frameworks @loader_path/Frameworks";
				PRODUCT_BUNDLE_IDENTIFIER = "com.paddycrab.country-quizTests";
				PRODUCT_NAME = "$(TARGET_NAME)";
				TEST_HOST = "$(BUILT_PRODUCTS_DIR)/country-quiz.app/country-quiz";
			};
			name = Debug;
		};
		0486A3CC1D3977160016754C /* Release */ = {
			isa = XCBuildConfiguration;
			buildSettings = {
				BUNDLE_LOADER = "$(TEST_HOST)";
				INFOPLIST_FILE = "country-quizTests/Info.plist";
				LD_RUNPATH_SEARCH_PATHS = "$(inherited) @executable_path/Frameworks @loader_path/Frameworks";
				PRODUCT_BUNDLE_IDENTIFIER = "com.paddycrab.country-quizTests";
				PRODUCT_NAME = "$(TARGET_NAME)";
				TEST_HOST = "$(BUILT_PRODUCTS_DIR)/country-quiz.app/country-quiz";
			};
			name = Release;
		};
		0486A3CE1D3977160016754C /* Debug */ = {
			isa = XCBuildConfiguration;
			buildSettings = {
				INFOPLIST_FILE = "country-quizUITests/Info.plist";
				LD_RUNPATH_SEARCH_PATHS = "$(inherited) @executable_path/Frameworks @loader_path/Frameworks";
				PRODUCT_BUNDLE_IDENTIFIER = "com.paddycrab.country-quizUITests";
				PRODUCT_NAME = "$(TARGET_NAME)";
				TEST_TARGET_NAME = "country-quiz";
			};
			name = Debug;
		};
		0486A3CF1D3977160016754C /* Release */ = {
			isa = XCBuildConfiguration;
			buildSettings = {
				INFOPLIST_FILE = "country-quizUITests/Info.plist";
				LD_RUNPATH_SEARCH_PATHS = "$(inherited) @executable_path/Frameworks @loader_path/Frameworks";
				PRODUCT_BUNDLE_IDENTIFIER = "com.paddycrab.country-quizUITests";
				PRODUCT_NAME = "$(TARGET_NAME)";
				TEST_TARGET_NAME = "country-quiz";
			};
			name = Release;
		};
/* End XCBuildConfiguration section */

/* Begin XCConfigurationList section */
		0486A39A1D3977160016754C /* Build configuration list for PBXProject "country-quiz" */ = {
			isa = XCConfigurationList;
			buildConfigurations = (
				0486A3C51D3977160016754C /* Debug */,
				0486A3C61D3977160016754C /* Release */,
			);
			defaultConfigurationIsVisible = 0;
			defaultConfigurationName = Release;
		};
		0486A3C71D3977160016754C /* Build configuration list for PBXNativeTarget "country-quiz" */ = {
			isa = XCConfigurationList;
			buildConfigurations = (
				0486A3C81D3977160016754C /* Debug */,
				0486A3C91D3977160016754C /* Release */,
			);
			defaultConfigurationIsVisible = 0;
		};
		0486A3CA1D3977160016754C /* Build configuration list for PBXNativeTarget "country-quizTests" */ = {
			isa = XCConfigurationList;
			buildConfigurations = (
				0486A3CB1D3977160016754C /* Debug */,
				0486A3CC1D3977160016754C /* Release */,
			);
			defaultConfigurationIsVisible = 0;
		};
		0486A3CD1D3977160016754C /* Build configuration list for PBXNativeTarget "country-quizUITests" */ = {
			isa = XCConfigurationList;
			buildConfigurations = (
				0486A3CE1D3977160016754C /* Debug */,
				0486A3CF1D3977160016754C /* Release */,
			);
			defaultConfigurationIsVisible = 0;
		};
/* End XCConfigurationList section */
	};
	rootObject = 0486A3971D3977160016754C /* Project object */;
}
